
Microsoft Visual Studio Solution File, Format Version 12.00
# Visual Studio Version 17
VisualStudioVersion = 17.0.32126.317
MinimumVisualStudioVersion = 10.0.40219.1
Project("{2150E333-8FDC-42A3-9474-1A3956D46DE8}") = "src", "src", "{EAD53531-0A93-497C-9AB6-480B05DED2BC}"
EndProject
Project("{2150E333-8FDC-42A3-9474-1A3956D46DE8}") = "Core", "Core", "{0C166602-3D50-4DAF-97CF-558C382E7A6E}"
EndProject
Project("{2150E333-8FDC-42A3-9474-1A3956D46DE8}") = "OpenGL", "OpenGL", "{53772A36-B75C-4088-ABAB-DADE052EC133}"
EndProject
Project("{2150E333-8FDC-42A3-9474-1A3956D46DE8}") = "Maths", "Maths", "{CA4AC439-F80D-40B3-B99D-A556232B40F9}"
EndProject
Project("{FAE04EC0-301F-11D3-BF4B-00C04F79EFBC}") = "Nusantara.OpenGL", "src\OpenGL\Nusantara.OpenGL\Nusantara.OpenGL.csproj", "{3540B6B1-3E4D-4E3F-896B-41B18D519213}"
EndProject
Project("{2150E333-8FDC-42A3-9474-1A3956D46DE8}") = "Build Properties", "Build Properties", "{54BD74CB-215B-41D1-A02C-B293C74122AB}"
	ProjectSection(SolutionItems) = preProject
		build\props\bindings.props = build\props\bindings.props
		build\props\common.props = build\props\common.props
	EndProjectSection
EndProject
Project("{FAE04EC0-301F-11D3-BF4B-00C04F79EFBC}") = "Nusantara.Core", "src\Core\Nusantara.Core\Nusantara.Core.csproj", "{FAF7B614-6D6C-4D02-BD7E-807DB1EA290F}"
EndProject
Project("{FAE04EC0-301F-11D3-BF4B-00C04F79EFBC}") = "Nusantara.Maths", "src\Maths\Nusantara.Maths\Nusantara.Maths.csproj", "{A7BD130E-7A62-4465-A9BC-2D10837578EB}"
EndProject
Project("{FAE04EC0-301F-11D3-BF4B-00C04F79EFBC}") = "Nusantara", "src\Core\Nusantara\Nusantara.csproj", "{6DD95B0A-C9CE-4445-9D61-474FEC17C091}"
EndProject
Global
	GlobalSection(SolutionConfigurationPlatforms) = preSolution
		Debug|Any CPU = Debug|Any CPU
		Release|Any CPU = Release|Any CPU
		Description = Cross-platform Game Library
	EndGlobalSection
	GlobalSection(ProjectConfigurationPlatforms) = postSolution
		{3540B6B1-3E4D-4E3F-896B-41B18D519213}.Debug|Any CPU.ActiveCfg = Debug|Any CPU
		{3540B6B1-3E4D-4E3F-896B-41B18D519213}.Debug|Any CPU.Build.0 = Debug|Any CPU
		{3540B6B1-3E4D-4E3F-896B-41B18D519213}.Release|Any CPU.ActiveCfg = Release|Any CPU
		{3540B6B1-3E4D-4E3F-896B-41B18D519213}.Release|Any CPU.Build.0 = Release|Any CPU
		{FAF7B614-6D6C-4D02-BD7E-807DB1EA290F}.Debug|Any CPU.ActiveCfg = Debug|Any CPU
		{FAF7B614-6D6C-4D02-BD7E-807DB1EA290F}.Debug|Any CPU.Build.0 = Debug|Any CPU
		{FAF7B614-6D6C-4D02-BD7E-807DB1EA290F}.Release|Any CPU.ActiveCfg = Release|Any CPU
		{FAF7B614-6D6C-4D02-BD7E-807DB1EA290F}.Release|Any CPU.Build.0 = Release|Any CPU
		{A7BD130E-7A62-4465-A9BC-2D10837578EB}.Debug|Any CPU.ActiveCfg = Debug|Any CPU
		{A7BD130E-7A62-4465-A9BC-2D10837578EB}.Debug|Any CPU.Build.0 = Debug|Any CPU
		{A7BD130E-7A62-4465-A9BC-2D10837578EB}.Release|Any CPU.ActiveCfg = Release|Any CPU
		{A7BD130E-7A62-4465-A9BC-2D10837578EB}.Release|Any CPU.Build.0 = Release|Any CPU
		{6DD95B0A-C9CE-4445-9D61-474FEC17C091}.Debug|Any CPU.ActiveCfg = Debug|Any CPU
		{6DD95B0A-C9CE-4445-9D61-474FEC17C091}.Debug|Any CPU.Build.0 = Debug|Any CPU
		{6DD95B0A-C9CE-4445-9D61-474FEC17C091}.Release|Any CPU.ActiveCfg = Release|Any CPU
		{6DD95B0A-C9CE-4445-9D61-474FEC17C091}.Release|Any CPU.Build.0 = Release|Any CPU
	EndGlobalSection
	GlobalSection(SolutionProperties) = preSolution
		HideSolutionNode = FALSE
	EndGlobalSection
	GlobalSection(NestedProjects) = preSolution
		{0C166602-3D50-4DAF-97CF-558C382E7A6E} = {EAD53531-0A93-497C-9AB6-480B05DED2BC}
		{53772A36-B75C-4088-ABAB-DADE052EC133} = {EAD53531-0A93-497C-9AB6-480B05DED2BC}
		{CA4AC439-F80D-40B3-B99D-A556232B40F9} = {EAD53531-0A93-497C-9AB6-480B05DED2BC}
		{3540B6B1-3E4D-4E3F-896B-41B18D519213} = {53772A36-B75C-4088-ABAB-DADE052EC133}
		{FAF7B614-6D6C-4D02-BD7E-807DB1EA290F} = {0C166602-3D50-4DAF-97CF-558C382E7A6E}
		{A7BD130E-7A62-4465-A9BC-2D10837578EB} = {CA4AC439-F80D-40B3-B99D-A556232B40F9}
		{6DD95B0A-C9CE-4445-9D61-474FEC17C091} = {0C166602-3D50-4DAF-97CF-558C382E7A6E}
	EndGlobalSection
	GlobalSection(ExtensibilityGlobals) = postSolution
		SolutionGuid = {244E7E3A-7DC6-4C0B-941C-7C5EFAC0E98F}
	EndGlobalSection
EndGlobal
